
Microsoft Visual Studio Solution File, Format Version 12.00
# Visual Studio 14
VisualStudioVersion = 14.0.25420.1
MinimumVisualStudioVersion = 10.0.40219.1
Project("{FAE04EC0-301F-11D3-BF4B-00C04F79EFBC}") = "BanXeDap2", "BanXeDap2\BanXeDap2.csproj", "{F139E02C-67FE-498F-ADA3-35E6BBED0CAB}"
EndProject
Project("{FAE04EC0-301F-11D3-BF4B-00C04F79EFBC}") = "Model", "Model\Model.csproj", "{53C6BB8D-51E4-4548-A9A5-426FA68A7795}"
EndProject
Global
	GlobalSection(SolutionConfigurationPlatforms) = preSolution
		Debug|Any CPU = Debug|Any CPU
		Release|Any CPU = Release|Any CPU
	EndGlobalSection
	GlobalSection(ProjectConfigurationPlatforms) = postSolution
		{F139E02C-67FE-498F-ADA3-35E6BBED0CAB}.Debug|Any CPU.ActiveCfg = Debug|Any CPU
		{F139E02C-67FE-498F-ADA3-35E6BBED0CAB}.Debug|Any CPU.Build.0 = Debug|Any CPU
		{F139E02C-67FE-498F-ADA3-35E6BBED0CAB}.Release|Any CPU.ActiveCfg = Release|Any CPU
		{F139E02C-67FE-498F-ADA3-35E6BBED0CAB}.Release|Any CPU.Build.0 = Release|Any CPU
		{53C6BB8D-51E4-4548-A9A5-426FA68A7795}.Debug|Any CPU.ActiveCfg = Debug|Any CPU
		{53C6BB8D-51E4-4548-A9A5-426FA68A7795}.Debug|Any CPU.Build.0 = Debug|Any CPU
		{53C6BB8D-51E4-4548-A9A5-426FA68A7795}.Release|Any CPU.ActiveCfg = Release|Any CPU
		{53C6BB8D-51E4-4548-A9A5-426FA68A7795}.Release|Any CPU.Build.0 = Release|Any CPU
	EndGlobalSection
	GlobalSection(SolutionProperties) = preSolution
		HideSolutionNode = FALSE
	EndGlobalSection
EndGlobal
